{"worker_pid": 43560, "manifest": {"path": "C:\\Users\\Mohamed KONE\\Desktop\\PC-BIND-OT\\research_review\\multiseed_dev_v1\\execution_manifest_v3.json", "sha256": "c181e3206996c5674ed33e7d0c0e91a83d42a3cc870a839c1b4819a470ddc73a", "size_bytes": 84694}, "created_utc": "2026-10-02T23:26:11.410187+00:00"}